// !$*UTF8*$!
{
	archiveVersion = 1;
	classes = {
	};
	objectVersion = 52;
	objects = {

/* Begin PBXBuildFile section */
		03A388AE2F9FFF2CB7A9F956 /* Assets.xcassets in Resources */ = {isa = PBXBuildFile; fileRef = 419A1F0CEF91CBBBA8A4215A /* Assets.xcassets */; };
		23EA194EFBA62EA200CDDC4B /* Preview Assets.xcassets in Resources */ = {isa = PBXBuildFile; fileRef = 94B71CDA7283B7CB450FADD1 /* Preview Assets.xcassets */; };
		519A04CBDA5E939E22C0D0CA /* ContentView.swift in Sources */ = {isa = PBXBuildFile; fileRef = 190C65F961A4FCCF1245779B /* ContentView.swift */; };
		DE2EAB3B6F29E9FF1DCDC05E /* ReSwift in Frameworks */ = {isa = PBXBuildFile; productRef = 05183DC239D73A3873860AB8 /* ReSwift */; };
		E5F1F01E0E993F43D336EED0 /* ReMonitorApp.swift in Sources */ = {isa = PBXBuildFile; fileRef = 14AF331724F2DF39A2738082 /* ReMonitorApp.swift */; };
/* End PBXBuildFile section */

/* Begin PBXFileReference section */
		14AF331724F2DF39A2738082 /* ReMonitorApp.swift */ = {isa = PBXFileReference; lastKnownFileType = sourcecode.swift; path = ReMonitorApp.swift; sourceTree = "<group>"; };
		190C65F961A4FCCF1245779B /* ContentView.swift */ = {isa = PBXFileReference; lastKnownFileType = sourcecode.swift; path = ContentView.swift; sourceTree = "<group>"; };
		419A1F0CEF91CBBBA8A4215A /* Assets.xcassets */ = {isa = PBXFileReference; lastKnownFileType = folder.assetcatalog; path = Assets.xcassets; sourceTree = "<group>"; };
		4F00333FF8ACDCA9634EAAAE /* ReMonitor.entitlements */ = {isa = PBXFileReference; lastKnownFileType = text.plist.entitlements; path = ReMonitor.entitlements; sourceTree = "<group>"; };
		8FF30151406CB3AAD4C865B3 /* Info.plist */ = {isa = PBXFileReference; lastKnownFileType = text.plist; path = Info.plist; sourceTree = "<group>"; };
		94B71CDA7283B7CB450FADD1 /* Preview Assets.xcassets */ = {isa = PBXFileReference; lastKnownFileType = folder.assetcatalog; path = "Preview Assets.xcassets"; sourceTree = "<group>"; };
		F1E495B7F556AF9CEA5D8928 /* Monitor App.app */ = {isa = PBXFileReference; explicitFileType = wrapper.application; includeInIndex = 0; path = "Monitor App.app"; sourceTree = BUILT_PRODUCTS_DIR; };
/* End PBXFileReference section */

/* Begin PBXFrameworksBuildPhase section */
		9F98D45CF792A9F7B2B8AC42 /* Frameworks */ = {
			isa = PBXFrameworksBuildPhase;
			buildActionMask = 2147483647;
			files = (
				DE2EAB3B6F29E9FF1DCDC05E /* ReSwift in Frameworks */,
			);
			runOnlyForDeploymentPostprocessing = 0;
		};
/* End PBXFrameworksBuildPhase section */

/* Begin PBXGroup section */
		15A546018B96484A840E6C8C /* App */ = {
			isa = PBXGroup;
			children = (
				419A1F0CEF91CBBBA8A4215A /* Assets.xcassets */,
				190C65F961A4FCCF1245779B /* ContentView.swift */,
				8FF30151406CB3AAD4C865B3 /* Info.plist */,
				4F00333FF8ACDCA9634EAAAE /* ReMonitor.entitlements */,
				14AF331724F2DF39A2738082 /* ReMonitorApp.swift */,
				53A0D9BF60BAE8B0E2FA5085 /* Preview Content */,
			);
			name = App;
			path = Sources/App;
			sourceTree = "<group>";
		};
		192844CE722151AD021708C4 = {
			isa = PBXGroup;
			children = (
				15A546018B96484A840E6C8C /* App */,
				BD48F3B909CF61E0262BB214 /* Products */,
			);
			sourceTree = "<group>";
		};
		53A0D9BF60BAE8B0E2FA5085 /* Preview Content */ = {
			isa = PBXGroup;
			children = (
				94B71CDA7283B7CB450FADD1 /* Preview Assets.xcassets */,
			);
			path = "Preview Content";
			sourceTree = "<group>";
		};
		BD48F3B909CF61E0262BB214 /* Products */ = {
			isa = PBXGroup;
			children = (
				F1E495B7F556AF9CEA5D8928 /* Monitor App.app */,
			);
			name = Products;
			sourceTree = "<group>";
		};
/* End PBXGroup section */

/* Begin PBXNativeTarget section */
		986221D2016B58BC39246DE2 /* Monitor App */ = {
			isa = PBXNativeTarget;
			buildConfigurationList = C45FB56AB5E7F15B94FD0B90 /* Build configuration list for PBXNativeTarget "Monitor App" */;
			buildPhases = (
				BC907A62390D64F2DE22146A /* Sources */,
				253A9113305B55324B5C0BCE /* Resources */,
				9F98D45CF792A9F7B2B8AC42 /* Frameworks */,
			);
			buildRules = (
			);
			dependencies = (
			);
			name = "Monitor App";
			packageProductDependencies = (
				05183DC239D73A3873860AB8 /* ReSwift */,
			);
			productName = "Monitor App";
			productReference = F1E495B7F556AF9CEA5D8928 /* Monitor App.app */;
			productType = "com.apple.product-type.application";
		};
/* End PBXNativeTarget section */

/* Begin PBXProject section */
		13C9CA09D54B722FA99257D2 /* Project object */ = {
			isa = PBXProject;
			attributes = {
				LastUpgradeCheck = 1200;
			};
			buildConfigurationList = C779889A4D1D361ADB0DFEC0 /* Build configuration list for PBXProject "ReMonitor" */;
			compatibilityVersion = "Xcode 10.0";
			developmentRegion = en;
			hasScannedForEncodings = 0;
			knownRegions = (
				Base,
				en,
			);
			mainGroup = 192844CE722151AD021708C4;
			packageReferences = (
				1FCA01DFA9894B2883B3C022 /* XCRemoteSwiftPackageReference "ReSwift" */,
			);
			projectDirPath = "";
			projectRoot = "";
			targets = (
				986221D2016B58BC39246DE2 /* Monitor App */,
			);
		};
/* End PBXProject section */

/* Begin PBXResourcesBuildPhase section */
		253A9113305B55324B5C0BCE /* Resources */ = {
			isa = PBXResourcesBuildPhase;
			buildActionMask = 2147483647;
			files = (
				03A388AE2F9FFF2CB7A9F956 /* Assets.xcassets in Resources */,
				23EA194EFBA62EA200CDDC4B /* Preview Assets.xcassets in Resources */,
			);
			runOnlyForDeploymentPostprocessing = 0;
		};
/* End PBXResourcesBuildPhase section */

/* Begin PBXSourcesBuildPhase section */
		BC907A62390D64F2DE22146A /* Sources */ = {
			isa = PBXSourcesBuildPhase;
			buildActionMask = 2147483647;
			files = (
				519A04CBDA5E939E22C0D0CA /* ContentView.swift in Sources */,
				E5F1F01E0E993F43D336EED0 /* ReMonitorApp.swift in Sources */,
			);
			runOnlyForDeploymentPostprocessing = 0;
		};
/* End PBXSourcesBuildPhase section */

/* Begin XCBuildConfiguration section */
		342C2353034DCEDE05D052B2 /* Debug */ = {
			isa = XCBuildConfiguration;
			buildSettings = {
				ALWAYS_SEARCH_USER_PATHS = NO;
				CLANG_ANALYZER_NONNULL = YES;
				CLANG_ANALYZER_NUMBER_OBJECT_CONVERSION = YES_AGGRESSIVE;
				CLANG_CXX_LANGUAGE_STANDARD = "gnu++14";
				CLANG_CXX_LIBRARY = "libc++";
				CLANG_ENABLE_MODULES = YES;
				CLANG_ENABLE_OBJC_ARC = YES;
				CLANG_ENABLE_OBJC_WEAK = YES;
				CLANG_WARN_BLOCK_CAPTURE_AUTORELEASING = YES;
				CLANG_WARN_BOOL_CONVERSION = YES;
				CLANG_WARN_COMMA = YES;
				CLANG_WARN_CONSTANT_CONVERSION = YES;
				CLANG_WARN_DEPRECATED_OBJC_IMPLEMENTATIONS = YES;
				CLANG_WARN_DIRECT_OBJC_ISA_USAGE = YES_ERROR;
				CLANG_WARN_DOCUMENTATION_COMMENTS = YES;
				CLANG_WARN_EMPTY_BODY = YES;
				CLANG_WARN_ENUM_CONVERSION = YES;
				CLANG_WARN_INFINITE_RECURSION = YES;
				CLANG_WARN_INT_CONVERSION = YES;
				CLANG_WARN_NON_LITERAL_NULL_CONVERSION = YES;
				CLANG_WARN_OBJC_IMPLICIT_RETAIN_SELF = YES;
				CLANG_WARN_OBJC_LITERAL_CONVERSION = YES;
				CLANG_WARN_OBJC_ROOT_CLASS = YES_ERROR;
				CLANG_WARN_QUOTED_INCLUDE_IN_FRAMEWORK_HEADER = YES;
				CLANG_WARN_RANGE_LOOP_ANALYSIS = YES;
				CLANG_WARN_STRICT_PROTOTYPES = YES;
				CLANG_WARN_SUSPICIOUS_MOVE = YES;
				CLANG_WARN_UNGUARDED_AVAILABILITY = YES_AGGRESSIVE;
				CLANG_WARN_UNREACHABLE_CODE = YES;
				CLANG_WARN__DUPLICATE_METHOD_MATCH = YES;
				COPY_PHASE_STRIP = NO;
				DEBUG_INFORMATION_FORMAT = dwarf;
				ENABLE_STRICT_OBJC_MSGSEND = YES;
				ENABLE_TESTABILITY = YES;
				GCC_C_LANGUAGE_STANDARD = gnu11;
				GCC_DYNAMIC_NO_PIC = NO;
				GCC_NO_COMMON_BLOCKS = YES;
				GCC_OPTIMIZATION_LEVEL = 0;
				GCC_PREPROCESSOR_DEFINITIONS = (
					"$(inherited)",
					"DEBUG=1",
				);
				GCC_WARN_64_TO_32_BIT_CONVERSION = YES;
				GCC_WARN_ABOUT_RETURN_TYPE = YES_ERROR;
				GCC_WARN_UNDECLARED_SELECTOR = YES;
				GCC_WARN_UNINITIALIZED_AUTOS = YES_AGGRESSIVE;
				GCC_WARN_UNUSED_FUNCTION = YES;
				GCC_WARN_UNUSED_VARIABLE = YES;
				MTL_ENABLE_DEBUG_INFO = INCLUDE_SOURCE;
				MTL_FAST_MATH = YES;
				ONLY_ACTIVE_ARCH = YES;
				PRODUCT_NAME = "$(TARGET_NAME)";
				SDKROOT = macosx;
				SWIFT_ACTIVE_COMPILATION_CONDITIONS = DEBUG;
				SWIFT_OPTIMIZATION_LEVEL = "-Onone";
				SWIFT_VERSION = 5.0;
			};
			name = Debug;
		};
		4897FA98097A8934FBA8A3D1 /* Debug */ = {
			isa = XCBuildConfiguration;
			buildSettings = {
				ASSETCATALOG_COMPILER_APPICON_NAME = AppIcon;
				COMBINE_HIDPI_IMAGES = YES;
				INFOPLIST_FILE = Sources/App/Info.plist;
				LD_RUNPATH_SEARCH_PATHS = (
					"$(inherited)",
					"@executable_path/../Frameworks",
				);
				PRODUCT_BUNDLE_IDENTIFIER = io.github.knothole.remonitor.MonitorApp;
				SDKROOT = macosx;
			};
			name = Debug;
		};
		96B1322A6FB3EF10382342F2 /* Release */ = {
			isa = XCBuildConfiguration;
			buildSettings = {
				ASSETCATALOG_COMPILER_APPICON_NAME = AppIcon;
				COMBINE_HIDPI_IMAGES = YES;
				INFOPLIST_FILE = Sources/App/Info.plist;
				LD_RUNPATH_SEARCH_PATHS = (
					"$(inherited)",
					"@executable_path/../Frameworks",
				);
				PRODUCT_BUNDLE_IDENTIFIER = io.github.knothole.remonitor.MonitorApp;
				SDKROOT = macosx;
			};
			name = Release;
		};
		E41036B4309605494078BB6C /* Release */ = {
			isa = XCBuildConfiguration;
			buildSettings = {
				ALWAYS_SEARCH_USER_PATHS = NO;
				CLANG_ANALYZER_NONNULL = YES;
				CLANG_ANALYZER_NUMBER_OBJECT_CONVERSION = YES_AGGRESSIVE;
				CLANG_CXX_LANGUAGE_STANDARD = "gnu++14";
				CLANG_CXX_LIBRARY = "libc++";
				CLANG_ENABLE_MODULES = YES;
				CLANG_ENABLE_OBJC_ARC = YES;
				CLANG_ENABLE_OBJC_WEAK = YES;
				CLANG_WARN_BLOCK_CAPTURE_AUTORELEASING = YES;
				CLANG_WARN_BOOL_CONVERSION = YES;
				CLANG_WARN_COMMA = YES;
				CLANG_WARN_CONSTANT_CONVERSION = YES;
				CLANG_WARN_DEPRECATED_OBJC_IMPLEMENTATIONS = YES;
				CLANG_WARN_DIRECT_OBJC_ISA_USAGE = YES_ERROR;
				CLANG_WARN_DOCUMENTATION_COMMENTS = YES;
				CLANG_WARN_EMPTY_BODY = YES;
				CLANG_WARN_ENUM_CONVERSION = YES;
				CLANG_WARN_INFINITE_RECURSION = YES;
				CLANG_WARN_INT_CONVERSION = YES;
				CLANG_WARN_NON_LITERAL_NULL_CONVERSION = YES;
				CLANG_WARN_OBJC_IMPLICIT_RETAIN_SELF = YES;
				CLANG_WARN_OBJC_LITERAL_CONVERSION = YES;
				CLANG_WARN_OBJC_ROOT_CLASS = YES_ERROR;
				CLANG_WARN_QUOTED_INCLUDE_IN_FRAMEWORK_HEADER = YES;
				CLANG_WARN_RANGE_LOOP_ANALYSIS = YES;
				CLANG_WARN_STRICT_PROTOTYPES = YES;
				CLANG_WARN_SUSPICIOUS_MOVE = YES;
				CLANG_WARN_UNGUARDED_AVAILABILITY = YES_AGGRESSIVE;
				CLANG_WARN_UNREACHABLE_CODE = YES;
				CLANG_WARN__DUPLICATE_METHOD_MATCH = YES;
				COPY_PHASE_STRIP = NO;
				DEBUG_INFORMATION_FORMAT = "dwarf-with-dsym";
				ENABLE_NS_ASSERTIONS = NO;
				ENABLE_STRICT_OBJC_MSGSEND = YES;
				GCC_C_LANGUAGE_STANDARD = gnu11;
				GCC_NO_COMMON_BLOCKS = YES;
				GCC_WARN_64_TO_32_BIT_CONVERSION = YES;
				GCC_WARN_ABOUT_RETURN_TYPE = YES_ERROR;
				GCC_WARN_UNDECLARED_SELECTOR = YES;
				GCC_WARN_UNINITIALIZED_AUTOS = YES_AGGRESSIVE;
				GCC_WARN_UNUSED_FUNCTION = YES;
				GCC_WARN_UNUSED_VARIABLE = YES;
				MTL_ENABLE_DEBUG_INFO = NO;
				MTL_FAST_MATH = YES;
				PRODUCT_NAME = "$(TARGET_NAME)";
				SDKROOT = macosx;
				SWIFT_COMPILATION_MODE = wholemodule;
				SWIFT_OPTIMIZATION_LEVEL = "-O";
				SWIFT_VERSION = 5.0;
			};
			name = Release;
		};
/* End XCBuildConfiguration section */

/* Begin XCConfigurationList section */
		C45FB56AB5E7F15B94FD0B90 /* Build configuration list for PBXNativeTarget "Monitor App" */ = {
			isa = XCConfigurationList;
			buildConfigurations = (
				4897FA98097A8934FBA8A3D1 /* Debug */,
				96B1322A6FB3EF10382342F2 /* Release */,
			);
			defaultConfigurationIsVisible = 0;
			defaultConfigurationName = Debug;
		};
		C779889A4D1D361ADB0DFEC0 /* Build configuration list for PBXProject "ReMonitor" */ = {
			isa = XCConfigurationList;
			buildConfigurations = (
				342C2353034DCEDE05D052B2 /* Debug */,
				E41036B4309605494078BB6C /* Release */,
			);
			defaultConfigurationIsVisible = 0;
			defaultConfigurationName = Debug;
		};
/* End XCConfigurationList section */

/* Begin XCRemoteSwiftPackageReference section */
		1FCA01DFA9894B2883B3C022 /* XCRemoteSwiftPackageReference "ReSwift" */ = {
			isa = XCRemoteSwiftPackageReference;
			repositoryURL = "https://github.com/ReSwift/ReSwift.git";
			requirement = {
				kind = upToNextMajorVersion;
				minimumVersion = 5.0.0;
			};
		};
/* End XCRemoteSwiftPackageReference section */

/* Begin XCSwiftPackageProductDependency section */
		05183DC239D73A3873860AB8 /* ReSwift */ = {
			isa = XCSwiftPackageProductDependency;
			package = 1FCA01DFA9894B2883B3C022 /* XCRemoteSwiftPackageReference "ReSwift" */;
			productName = ReSwift;
		};
/* End XCSwiftPackageProductDependency section */
	};
	rootObject = 13C9CA09D54B722FA99257D2 /* Project object */;
}
